// !$*UTF8*$!
{
	archiveVersion = 1;
	classes = {
	};
	objectVersion = 50;
	objects = {

/* Begin PBXBuildFile section */
		6B3028C321FB4C6800D55ED1 /* AppDelegate.swift in Sources */ = {isa = PBXBuildFile; fileRef = 6B3028C221FB4C6800D55ED1 /* AppDelegate.swift */; };
		6B3028C521FB4C6800D55ED1 /* ViewController.swift in Sources */ = {isa = PBXBuildFile; fileRef = 6B3028C421FB4C6800D55ED1 /* ViewController.swift */; };
		6B3028C821FB4C6800D55ED1 /* Main.storyboard in Resources */ = {isa = PBXBuildFile; fileRef = 6B3028C621FB4C6800D55ED1 /* Main.storyboard */; };
		6B3028CA21FB4C6B00D55ED1 /* Assets.xcassets in Resources */ = {isa = PBXBuildFile; fileRef = 6B3028C921FB4C6B00D55ED1 /* Assets.xcassets */; };
		6B3028CD21FB4C6B00D55ED1 /* LaunchScreen.storyboard in Resources */ = {isa = PBXBuildFile; fileRef = 6B3028CB21FB4C6B00D55ED1 /* LaunchScreen.storyboard */; };
		6B3028D821FB4C6C00D55ED1 /* DogAgeTests.swift in Sources */ = {isa = PBXBuildFile; fileRef = 6B3028D721FB4C6C00D55ED1 /* DogAgeTests.swift */; };
		6B3028E321FB4C6C00D55ED1 /* DogAgeUITests.swift in Sources */ = {isa = PBXBuildFile; fileRef = 6B3028E221FB4C6C00D55ED1 /* DogAgeUITests.swift */; };
/* End PBXBuildFile section */

/* Begin PBXContainerItemProxy section */
		6B3028D421FB4C6C00D55ED1 /* PBXContainerItemProxy */ = {
			isa = PBXContainerItemProxy;
			containerPortal = 6B3028B721FB4C6800D55ED1 /* Project object */;
			proxyType = 1;
			remoteGlobalIDString = 6B3028BE21FB4C6800D55ED1;
			remoteInfo = DogAge;
		};
		6B3028DF21FB4C6C00D55ED1 /* PBXContainerItemProxy */ = {
			isa = PBXContainerItemProxy;
			containerPortal = 6B3028B721FB4C6800D55ED1 /* Project object */;
			proxyType = 1;
			remoteGlobalIDString = 6B3028BE21FB4C6800D55ED1;
			remoteInfo = DogAge;
		};
/* End PBXContainerItemProxy section */

/* Begin PBXFileReference section */
		6B3028BF21FB4C6800D55ED1 /* DogAge.app */ = {isa = PBXFileReference; explicitFileType = wrapper.application; includeInIndex = 0; path = DogAge.app; sourceTree = BUILT_PRODUCTS_DIR; };
		6B3028C221FB4C6800D55ED1 /* AppDelegate.swift */ = {isa = PBXFileReference; lastKnownFileType = sourcecode.swift; path = AppDelegate.swift; sourceTree = "<group>"; };
		6B3028C421FB4C6800D55ED1 /* ViewController.swift */ = {isa = PBXFileReference; lastKnownFileType = sourcecode.swift; path = ViewController.swift; sourceTree = "<group>"; };
		6B3028C721FB4C6800D55ED1 /* Base */ = {isa = PBXFileReference; lastKnownFileType = file.storyboard; name = Base; path = Base.lproj/Main.storyboard; sourceTree = "<group>"; };
		6B3028C921FB4C6B00D55ED1 /* Assets.xcassets */ = {isa = PBXFileReference; lastKnownFileType = folder.assetcatalog; path = Assets.xcassets; sourceTree = "<group>"; };
		6B3028CC21FB4C6B00D55ED1 /* Base */ = {isa = PBXFileReference; lastKnownFileType = file.storyboard; name = Base; path = Base.lproj/LaunchScreen.storyboard; sourceTree = "<group>"; };
		6B3028CE21FB4C6B00D55ED1 /* Info.plist */ = {isa = PBXFileReference; lastKnownFileType = text.plist.xml; path = Info.plist; sourceTree = "<group>"; };
		6B3028D321FB4C6C00D55ED1 /* DogAgeTests.xctest */ = {isa = PBXFileReference; explicitFileType = wrapper.cfbundle; includeInIndex = 0; path = DogAgeTests.xctest; sourceTree = BUILT_PRODUCTS_DIR; };
		6B3028D721FB4C6C00D55ED1 /* DogAgeTests.swift */ = {isa = PBXFileReference; lastKnownFileType = sourcecode.swift; path = DogAgeTests.swift; sourceTree = "<group>"; };
		6B3028D921FB4C6C00D55ED1 /* Info.plist */ = {isa = PBXFileReference; lastKnownFileType = text.plist.xml; path = Info.plist; sourceTree = "<group>"; };
		6B3028DE21FB4C6C00D55ED1 /* DogAgeUITests.xctest */ = {isa = PBXFileReference; explicitFileType = wrapper.cfbundle; includeInIndex = 0; path = DogAgeUITests.xctest; sourceTree = BUILT_PRODUCTS_DIR; };
		6B3028E221FB4C6C00D55ED1 /* DogAgeUITests.swift */ = {isa = PBXFileReference; lastKnownFileType = sourcecode.swift; path = DogAgeUITests.swift; sourceTree = "<group>"; };
		6B3028E421FB4C6C00D55ED1 /* Info.plist */ = {isa = PBXFileReference; lastKnownFileType = text.plist.xml; path = Info.plist; sourceTree = "<group>"; };
/* End PBXFileReference section */

/* Begin PBXFrameworksBuildPhase section */
		6B3028BC21FB4C6800D55ED1 /* Frameworks */ = {
			isa = PBXFrameworksBuildPhase;
			buildActionMask = 2147483647;
			files = (
			);
			runOnlyForDeploymentPostprocessing = 0;
		};
		6B3028D021FB4C6C00D55ED1 /* Frameworks */ = {
			isa = PBXFrameworksBuildPhase;
			buildActionMask = 2147483647;
			files = (
			);
			runOnlyForDeploymentPostprocessing = 0;
		};
		6B3028DB21FB4C6C00D55ED1 /* Frameworks */ = {
			isa = PBXFrameworksBuildPhase;
			buildActionMask = 2147483647;
			files = (
			);
			runOnlyForDeploymentPostprocessing = 0;
		};
/* End PBXFrameworksBuildPhase section */

/* Begin PBXGroup section */
		6B3028B621FB4C6800D55ED1 = {
			isa = PBXGroup;
			children = (
				6B3028C121FB4C6800D55ED1 /* DogAge */,
				6B3028D621FB4C6C00D55ED1 /* DogAgeTests */,
				6B3028E121FB4C6C00D55ED1 /* DogAgeUITests */,
				6B3028C021FB4C6800D55ED1 /* Products */,
			);
			sourceTree = "<group>";
		};
		6B3028C021FB4C6800D55ED1 /* Products */ = {
			isa = PBXGroup;
			children = (
				6B3028BF21FB4C6800D55ED1 /* DogAge.app */,
				6B3028D321FB4C6C00D55ED1 /* DogAgeTests.xctest */,
				6B3028DE21FB4C6C00D55ED1 /* DogAgeUITests.xctest */,
			);
			name = Products;
			sourceTree = "<group>";
		};
		6B3028C121FB4C6800D55ED1 /* DogAge */ = {
			isa = PBXGroup;
			children = (
				6B3028C221FB4C6800D55ED1 /* AppDelegate.swift */,
				6B3028C421FB4C6800D55ED1 /* ViewController.swift */,
				6B3028C621FB4C6800D55ED1 /* Main.storyboard */,
				6B3028C921FB4C6B00D55ED1 /* Assets.xcassets */,
				6B3028CB21FB4C6B00D55ED1 /* LaunchScreen.storyboard */,
				6B3028CE21FB4C6B00D55ED1 /* Info.plist */,
			);
			path = DogAge;
			sourceTree = "<group>";
		};
		6B3028D621FB4C6C00D55ED1 /* DogAgeTests */ = {
			isa = PBXGroup;
			children = (
				6B3028D721FB4C6C00D55ED1 /* DogAgeTests.swift */,
				6B3028D921FB4C6C00D55ED1 /* Info.plist */,
			);
			path = DogAgeTests;
			sourceTree = "<group>";
		};
		6B3028E121FB4C6C00D55ED1 /* DogAgeUITests */ = {
			isa = PBXGroup;
			children = (
				6B3028E221FB4C6C00D55ED1 /* DogAgeUITests.swift */,
				6B3028E421FB4C6C00D55ED1 /* Info.plist */,
			);
			path = DogAgeUITests;
			sourceTree = "<group>";
		};
/* End PBXGroup section */

/* Begin PBXNativeTarget section */
		6B3028BE21FB4C6800D55ED1 /* DogAge */ = {
			isa = PBXNativeTarget;
			buildConfigurationList = 6B3028E721FB4C6C00D55ED1 /* Build configuration list for PBXNativeTarget "DogAge" */;
			buildPhases = (
				6B3028BB21FB4C6800D55ED1 /* Sources */,
				6B3028BC21FB4C6800D55ED1 /* Frameworks */,
				6B3028BD21FB4C6800D55ED1 /* Resources */,
			);
			buildRules = (
			);
			dependencies = (
			);
			name = DogAge;
			productName = DogAge;
			productReference = 6B3028BF21FB4C6800D55ED1 /* DogAge.app */;
			productType = "com.apple.product-type.application";
		};
		6B3028D221FB4C6C00D55ED1 /* DogAgeTests */ = {
			isa = PBXNativeTarget;
			buildConfigurationList = 6B3028EA21FB4C6C00D55ED1 /* Build configuration list for PBXNativeTarget "DogAgeTests" */;
			buildPhases = (
				6B3028CF21FB4C6C00D55ED1 /* Sources */,
				6B3028D021FB4C6C00D55ED1 /* Frameworks */,
				6B3028D121FB4C6C00D55ED1 /* Resources */,
			);
			buildRules = (
			);
			dependencies = (
				6B3028D521FB4C6C00D55ED1 /* PBXTargetDependency */,
			);
			name = DogAgeTests;
			productName = DogAgeTests;
			productReference = 6B3028D321FB4C6C00D55ED1 /* DogAgeTests.xctest */;
			productType = "com.apple.product-type.bundle.unit-test";
		};
		6B3028DD21FB4C6C00D55ED1 /* DogAgeUITests */ = {
			isa = PBXNativeTarget;
			buildConfigurationList = 6B3028ED21FB4C6C00D55ED1 /* Build configuration list for PBXNativeTarget "DogAgeUITests" */;
			buildPhases = (
				6B3028DA21FB4C6C00D55ED1 /* Sources */,
				6B3028DB21FB4C6C00D55ED1 /* Frameworks */,
				6B3028DC21FB4C6C00D55ED1 /* Resources */,
			);
			buildRules = (
			);
			dependencies = (
				6B3028E021FB4C6C00D55ED1 /* PBXTargetDependency */,
			);
			name = DogAgeUITests;
			productName = DogAgeUITests;
			productReference = 6B3028DE21FB4C6C00D55ED1 /* DogAgeUITests.xctest */;
			productType = "com.apple.product-type.bundle.ui-testing";
		};
/* End PBXNativeTarget section */

/* Begin PBXProject section */
		6B3028B721FB4C6800D55ED1 /* Project object */ = {
			isa = PBXProject;
			attributes = {
				LastSwiftUpdateCheck = 1010;
				LastUpgradeCheck = 1010;
				ORGANIZATIONNAME = "Оксана Нефедова";
				TargetAttributes = {
					6B3028BE21FB4C6800D55ED1 = {
						CreatedOnToolsVersion = 10.1;
					};
					6B3028D221FB4C6C00D55ED1 = {
						CreatedOnToolsVersion = 10.1;
						TestTargetID = 6B3028BE21FB4C6800D55ED1;
					};
					6B3028DD21FB4C6C00D55ED1 = {
						CreatedOnToolsVersion = 10.1;
						TestTargetID = 6B3028BE21FB4C6800D55ED1;
					};
				};
			};
			buildConfigurationList = 6B3028BA21FB4C6800D55ED1 /* Build configuration list for PBXProject "DogAge" */;
			compatibilityVersion = "Xcode 9.3";
			developmentRegion = en;
			hasScannedForEncodings = 0;
			knownRegions = (
				en,
				Base,
			);
			mainGroup = 6B3028B621FB4C6800D55ED1;
			productRefGroup = 6B3028C021FB4C6800D55ED1 /* Products */;
			projectDirPath = "";
			projectRoot = "";
			targets = (
				6B3028BE21FB4C6800D55ED1 /* DogAge */,
				6B3028D221FB4C6C00D55ED1 /* DogAgeTests */,
				6B3028DD21FB4C6C00D55ED1 /* DogAgeUITests */,
			);
		};
/* End PBXProject section */

/* Begin PBXResourcesBuildPhase section */
		6B3028BD21FB4C6800D55ED1 /* Resources */ = {
			isa = PBXResourcesBuildPhase;
			buildActionMask = 2147483647;
			files = (
				6B3028CD21FB4C6B00D55ED1 /* LaunchScreen.storyboard in Resources */,
				6B3028CA21FB4C6B00D55ED1 /* Assets.xcassets in Resources */,
				6B3028C821FB4C6800D55ED1 /* Main.storyboard in Resources */,
			);
			runOnlyForDeploymentPostprocessing = 0;
		};
		6B3028D121FB4C6C00D55ED1 /* Resources */ = {
			isa = PBXResourcesBuildPhase;
			buildActionMask = 2147483647;
			files = (
			);
			runOnlyForDeploymentPostprocessing = 0;
		};
		6B3028DC21FB4C6C00D55ED1 /* Resources */ = {
			isa = PBXResourcesBuildPhase;
			buildActionMask = 2147483647;
			files = (
			);
			runOnlyForDeploymentPostprocessing = 0;
		};
/* End PBXResourcesBuildPhase section */

/* Begin PBXSourcesBuildPhase section */
		6B3028BB21FB4C6800D55ED1 /* Sources */ = {
			isa = PBXSourcesBuildPhase;
			buildActionMask = 2147483647;
			files = (
				6B3028C521FB4C6800D55ED1 /* ViewController.swift in Sources */,
				6B3028C321FB4C6800D55ED1 /* AppDelegate.swift in Sources */,
			);
			runOnlyForDeploymentPostprocessing = 0;
		};
		6B3028CF21FB4C6C00D55ED1 /* Sources */ = {
			isa = PBXSourcesBuildPhase;
			buildActionMask = 2147483647;
			files = (
				6B3028D821FB4C6C00D55ED1 /* DogAgeTests.swift in Sources */,
			);
			runOnlyForDeploymentPostprocessing = 0;
		};
		6B3028DA21FB4C6C00D55ED1 /* Sources */ = {
			isa = PBXSourcesBuildPhase;
			buildActionMask = 2147483647;
			files = (
				6B3028E321FB4C6C00D55ED1 /* DogAgeUITests.swift in Sources */,
			);
			runOnlyForDeploymentPostprocessing = 0;
		};
/* End PBXSourcesBuildPhase section */

/* Begin PBXTargetDependency section */
		6B3028D521FB4C6C00D55ED1 /* PBXTargetDependency */ = {
			isa = PBXTargetDependency;
			target = 6B3028BE21FB4C6800D55ED1 /* DogAge */;
			targetProxy = 6B3028D421FB4C6C00D55ED1 /* PBXContainerItemProxy */;
		};
		6B3028E021FB4C6C00D55ED1 /* PBXTargetDependency */ = {
			isa = PBXTargetDependency;
			target = 6B3028BE21FB4C6800D55ED1 /* DogAge */;
			targetProxy = 6B3028DF21FB4C6C00D55ED1 /* PBXContainerItemProxy */;
		};
/* End PBXTargetDependency section */

/* Begin PBXVariantGroup section */
		6B3028C621FB4C6800D55ED1 /* Main.storyboard */ = {
			isa = PBXVariantGroup;
			children = (
				6B3028C721FB4C6800D55ED1 /* Base */,
			);
			name = Main.storyboard;
			sourceTree = "<group>";
		};
		6B3028CB21FB4C6B00D55ED1 /* LaunchScreen.storyboard */ = {
			isa = PBXVariantGroup;
			children = (
				6B3028CC21FB4C6B00D55ED1 /* Base */,
			);
			name = LaunchScreen.storyboard;
			sourceTree = "<group>";
		};
/* End PBXVariantGroup section */

/* Begin XCBuildConfiguration section */
		6B3028E521FB4C6C00D55ED1 /* Debug */ = {
			isa = XCBuildConfiguration;
			buildSettings = {
				ALWAYS_SEARCH_USER_PATHS = NO;
				CLANG_ANALYZER_NONNULL = YES;
				CLANG_ANALYZER_NUMBER_OBJECT_CONVERSION = YES_AGGRESSIVE;
				CLANG_CXX_LANGUAGE_STANDARD = "gnu++14";
				CLANG_CXX_LIBRARY = "libc++";
				CLANG_ENABLE_MODULES = YES;
				CLANG_ENABLE_OBJC_ARC = YES;
				CLANG_ENABLE_OBJC_WEAK = YES;
				CLANG_WARN_BLOCK_CAPTURE_AUTORELEASING = YES;
				CLANG_WARN_BOOL_CONVERSION = YES;
				CLANG_WARN_COMMA = YES;
				CLANG_WARN_CONSTANT_CONVERSION = YES;
				CLANG_WARN_DEPRECATED_OBJC_IMPLEMENTATIONS = YES;
				CLANG_WARN_DIRECT_OBJC_ISA_USAGE = YES_ERROR;
				CLANG_WARN_DOCUMENTATION_COMMENTS = YES;
				CLANG_WARN_EMPTY_BODY = YES;
				CLANG_WARN_ENUM_CONVERSION = YES;
				CLANG_WARN_INFINITE_RECURSION = YES;
				CLANG_WARN_INT_CONVERSION = YES;
				CLANG_WARN_NON_LITERAL_NULL_CONVERSION = YES;
				CLANG_WARN_OBJC_IMPLICIT_RETAIN_SELF = YES;
				CLANG_WARN_OBJC_LITERAL_CONVERSION = YES;
				CLANG_WARN_OBJC_ROOT_CLASS = YES_ERROR;
				CLANG_WARN_RANGE_LOOP_ANALYSIS = YES;
				CLANG_WARN_STRICT_PROTOTYPES = YES;
				CLANG_WARN_SUSPICIOUS_MOVE = YES;
				CLANG_WARN_UNGUARDED_AVAILABILITY = YES_AGGRESSIVE;
				CLANG_WARN_UNREACHABLE_CODE = YES;
				CLANG_WARN__DUPLICATE_METHOD_MATCH = YES;
				CODE_SIGN_IDENTITY = "iPhone Developer";
				COPY_PHASE_STRIP = NO;
				DEBUG_INFORMATION_FORMAT = dwarf;
				ENABLE_STRICT_OBJC_MSGSEND = YES;
				ENABLE_TESTABILITY = YES;
				GCC_C_LANGUAGE_STANDARD = gnu11;
				GCC_DYNAMIC_NO_PIC = NO;
				GCC_NO_COMMON_BLOCKS = YES;
				GCC_OPTIMIZATION_LEVEL = 0;
				GCC_PREPROCESSOR_DEFINITIONS = (
					"DEBUG=1",
					"$(inherited)",
				);
				GCC_WARN_64_TO_32_BIT_CONVERSION = YES;
				GCC_WARN_ABOUT_RETURN_TYPE = YES_ERROR;
				GCC_WARN_UNDECLARED_SELECTOR = YES;
				GCC_WARN_UNINITIALIZED_AUTOS = YES_AGGRESSIVE;
				GCC_WARN_UNUSED_FUNCTION = YES;
				GCC_WARN_UNUSED_VARIABLE = YES;
				IPHONEOS_DEPLOYMENT_TARGET = 12.1;
				MTL_ENABLE_DEBUG_INFO = INCLUDE_SOURCE;
				MTL_FAST_MATH = YES;
				ONLY_ACTIVE_ARCH = YES;
				SDKROOT = iphoneos;
				SWIFT_ACTIVE_COMPILATION_CONDITIONS = DEBUG;
				SWIFT_OPTIMIZATION_LEVEL = "-Onone";
			};
			name = Debug;
		};
		6B3028E621FB4C6C00D55ED1 /* Release */ = {
			isa = XCBuildConfiguration;
			buildSettings = {
				ALWAYS_SEARCH_USER_PATHS = NO;
				CLANG_ANALYZER_NONNULL = YES;
				CLANG_ANALYZER_NUMBER_OBJECT_CONVERSION = YES_AGGRESSIVE;
				CLANG_CXX_LANGUAGE_STANDARD = "gnu++14";
				CLANG_CXX_LIBRARY = "libc++";
				CLANG_ENABLE_MODULES = YES;
				CLANG_ENABLE_OBJC_ARC = YES;
				CLANG_ENABLE_OBJC_WEAK = YES;
				CLANG_WARN_BLOCK_CAPTURE_AUTORELEASING = YES;
				CLANG_WARN_BOOL_CONVERSION = YES;
				CLANG_WARN_COMMA = YES;
				CLANG_WARN_CONSTANT_CONVERSION = YES;
				CLANG_WARN_DEPRECATED_OBJC_IMPLEMENTATIONS = YES;
				CLANG_WARN_DIRECT_OBJC_ISA_USAGE = YES_ERROR;
				CLANG_WARN_DOCUMENTATION_COMMENTS = YES;
				CLANG_WARN_EMPTY_BODY = YES;
				CLANG_WARN_ENUM_CONVERSION = YES;
				CLANG_WARN_INFINITE_RECURSION = YES;
				CLANG_WARN_INT_CONVERSION = YES;
				CLANG_WARN_NON_LITERAL_NULL_CONVERSION = YES;
				CLANG_WARN_OBJC_IMPLICIT_RETAIN_SELF = YES;
				CLANG_WARN_OBJC_LITERAL_CONVERSION = YES;
				CLANG_WARN_OBJC_ROOT_CLASS = YES_ERROR;
				CLANG_WARN_RANGE_LOOP_ANALYSIS = YES;
				CLANG_WARN_STRICT_PROTOTYPES = YES;
				CLANG_WARN_SUSPICIOUS_MOVE = YES;
				CLANG_WARN_UNGUARDED_AVAILABILITY = YES_AGGRESSIVE;
				CLANG_WARN_UNREACHABLE_CODE = YES;
				CLANG_WARN__DUPLICATE_METHOD_MATCH = YES;
				CODE_SIGN_IDENTITY = "iPhone Developer";
				COPY_PHASE_STRIP = NO;
				DEBUG_INFORMATION_FORMAT = "dwarf-with-dsym";
				ENABLE_NS_ASSERTIONS = NO;
				ENABLE_STRICT_OBJC_MSGSEND = YES;
				GCC_C_LANGUAGE_STANDARD = gnu11;
				GCC_NO_COMMON_BLOCKS = YES;
				GCC_WARN_64_TO_32_BIT_CONVERSION = YES;
				GCC_WARN_ABOUT_RETURN_TYPE = YES_ERROR;
				GCC_WARN_UNDECLARED_SELECTOR = YES;
				GCC_WARN_UNINITIALIZED_AUTOS = YES_AGGRESSIVE;
				GCC_WARN_UNUSED_FUNCTION = YES;
				GCC_WARN_UNUSED_VARIABLE = YES;
				IPHONEOS_DEPLOYMENT_TARGET = 12.1;
				MTL_ENABLE_DEBUG_INFO = NO;
				MTL_FAST_MATH = YES;
				SDKROOT = iphoneos;
				SWIFT_COMPILATION_MODE = wholemodule;
				SWIFT_OPTIMIZATION_LEVEL = "-O";
				VALIDATE_PRODUCT = YES;
			};
			name = Release;
		};
		6B3028E821FB4C6C00D55ED1 /* Debug */ = {
			isa = XCBuildConfiguration;
			buildSettings = {
				ASSETCATALOG_COMPILER_APPICON_NAME = AppIcon;
				CODE_SIGN_STYLE = Automatic;
				DEVELOPMENT_TEAM = 973S2S757V;
				INFOPLIST_FILE = DogAge/Info.plist;
				LD_RUNPATH_SEARCH_PATHS = (
					"$(inherited)",
					"@executable_path/Frameworks",
				);
				PRODUCT_BUNDLE_IDENTIFIER = com.nefedovadev.DogAge;
				PRODUCT_NAME = "$(TARGET_NAME)";
				SWIFT_VERSION = 4.2;
				TARGETED_DEVICE_FAMILY = "1,2";
			};
			name = Debug;
		};
		6B3028E921FB4C6C00D55ED1 /* Release */ = {
			isa = XCBuildConfiguration;
			buildSettings = {
				ASSETCATALOG_COMPILER_APPICON_NAME = AppIcon;
				CODE_SIGN_STYLE = Automatic;
				DEVELOPMENT_TEAM = 973S2S757V;
				INFOPLIST_FILE = DogAge/Info.plist;
				LD_RUNPATH_SEARCH_PATHS = (
					"$(inherited)",
					"@executable_path/Frameworks",
				);
				PRODUCT_BUNDLE_IDENTIFIER = com.nefedovadev.DogAge;
				PRODUCT_NAME = "$(TARGET_NAME)";
				SWIFT_VERSION = 4.2;
				TARGETED_DEVICE_FAMILY = "1,2";
			};
			name = Release;
		};
		6B3028EB21FB4C6C00D55ED1 /* Debug */ = {
			isa = XCBuildConfiguration;
			buildSettings = {
				ALWAYS_EMBED_SWIFT_STANDARD_LIBRARIES = YES;
				BUNDLE_LOADER = "$(TEST_HOST)";
				CODE_SIGN_STYLE = Automatic;
				DEVELOPMENT_TEAM = 973S2S757V;
				INFOPLIST_FILE = DogAgeTests/Info.plist;
				LD_RUNPATH_SEARCH_PATHS = (
					"$(inherited)",
					"@executable_path/Frameworks",
					"@loader_path/Frameworks",
				);
				PRODUCT_BUNDLE_IDENTIFIER = com.nefedovadev.DogAgeTests;
				PRODUCT_NAME = "$(TARGET_NAME)";
				SWIFT_VERSION = 4.2;
				TARGETED_DEVICE_FAMILY = "1,2";
				TEST_HOST = "$(BUILT_PRODUCTS_DIR)/DogAge.app/DogAge";
			};
			name = Debug;
		};
		6B3028EC21FB4C6C00D55ED1 /* Release */ = {
			isa = XCBuildConfiguration;
			buildSettings = {
				ALWAYS_EMBED_SWIFT_STANDARD_LIBRARIES = YES;
				BUNDLE_LOADER = "$(TEST_HOST)";
				CODE_SIGN_STYLE = Automatic;
				DEVELOPMENT_TEAM = 973S2S757V;
				INFOPLIST_FILE = DogAgeTests/Info.plist;
				LD_RUNPATH_SEARCH_PATHS = (
					"$(inherited)",
					"@executable_path/Frameworks",
					"@loader_path/Frameworks",
				);
				PRODUCT_BUNDLE_IDENTIFIER = com.nefedovadev.DogAgeTests;
				PRODUCT_NAME = "$(TARGET_NAME)";
				SWIFT_VERSION = 4.2;
				TARGETED_DEVICE_FAMILY = "1,2";
				TEST_HOST = "$(BUILT_PRODUCTS_DIR)/DogAge.app/DogAge";
			};
			name = Release;
		};
		6B3028EE21FB4C6C00D55ED1 /* Debug */ = {
			isa = XCBuildConfiguration;
			buildSettings = {
				ALWAYS_EMBED_SWIFT_STANDARD_LIBRARIES = YES;
				CODE_SIGN_STYLE = Automatic;
				DEVELOPMENT_TEAM = 973S2S757V;
				INFOPLIST_FILE = DogAgeUITests/Info.plist;
				LD_RUNPATH_SEARCH_PATHS = (
					"$(inherited)",
					"@executable_path/Frameworks",
					"@loader_path/Frameworks",
				);
				PRODUCT_BUNDLE_IDENTIFIER = com.nefedovadev.DogAgeUITests;
				PRODUCT_NAME = "$(TARGET_NAME)";
				SWIFT_VERSION = 4.2;
				TARGETED_DEVICE_FAMILY = "1,2";
				TEST_TARGET_NAME = DogAge;
			};
			name = Debug;
		};
		6B3028EF21FB4C6C00D55ED1 /* Release */ = {
			isa = XCBuildConfiguration;
			buildSettings = {
				ALWAYS_EMBED_SWIFT_STANDARD_LIBRARIES = YES;
				CODE_SIGN_STYLE = Automatic;
				DEVELOPMENT_TEAM = 973S2S757V;
				INFOPLIST_FILE = DogAgeUITests/Info.plist;
				LD_RUNPATH_SEARCH_PATHS = (
					"$(inherited)",
					"@executable_path/Frameworks",
					"@loader_path/Frameworks",
				);
				PRODUCT_BUNDLE_IDENTIFIER = com.nefedovadev.DogAgeUITests;
				PRODUCT_NAME = "$(TARGET_NAME)";
				SWIFT_VERSION = 4.2;
				TARGETED_DEVICE_FAMILY = "1,2";
				TEST_TARGET_NAME = DogAge;
			};
			name = Release;
		};
/* End XCBuildConfiguration section */

/* Begin XCConfigurationList section */
		6B3028BA21FB4C6800D55ED1 /* Build configuration list for PBXProject "DogAge" */ = {
			isa = XCConfigurationList;
			buildConfigurations = (
				6B3028E521FB4C6C00D55ED1 /* Debug */,
				6B3028E621FB4C6C00D55ED1 /* Release */,
			);
			defaultConfigurationIsVisible = 0;
			defaultConfigurationName = Release;
		};
		6B3028E721FB4C6C00D55ED1 /* Build configuration list for PBXNativeTarget "DogAge" */ = {
			isa = XCConfigurationList;
			buildConfigurations = (
				6B3028E821FB4C6C00D55ED1 /* Debug */,
				6B3028E921FB4C6C00D55ED1 /* Release */,
			);
			defaultConfigurationIsVisible = 0;
			defaultConfigurationName = Release;
		};
		6B3028EA21FB4C6C00D55ED1 /* Build configuration list for PBXNativeTarget "DogAgeTests" */ = {
			isa = XCConfigurationList;
			buildConfigurations = (
				6B3028EB21FB4C6C00D55ED1 /* Debug */,
				6B3028EC21FB4C6C00D55ED1 /* Release */,
			);
			defaultConfigurationIsVisible = 0;
			defaultConfigurationName = Release;
		};
		6B3028ED21FB4C6C00D55ED1 /* Build configuration list for PBXNativeTarget "DogAgeUITests" */ = {
			isa = XCConfigurationList;
			buildConfigurations = (
				6B3028EE21FB4C6C00D55ED1 /* Debug */,
				6B3028EF21FB4C6C00D55ED1 /* Release */,
			);
			defaultConfigurationIsVisible = 0;
			defaultConfigurationName = Release;
		};
/* End XCConfigurationList section */
	};
	rootObject = 6B3028B721FB4C6800D55ED1 /* Project object */;
}
